// !$*UTF8*$!
{
	archiveVersion = 1;
	classes = {
	};
	objectVersion = 46;
	objects = {

/* Begin PBXBuildFile section */
		502CA6E8388B165328CEFE6E /* Pods_ResearchSuiteAppFramework_Tests.framework in Frameworks */ = {isa = PBXBuildFile; fileRef = D47ECF53BC1B394DC67B1F84 /* Pods_ResearchSuiteAppFramework_Tests.framework */; };
		607FACD61AFB9204008FA782 /* AppDelegate.swift in Sources */ = {isa = PBXBuildFile; fileRef = 607FACD51AFB9204008FA782 /* AppDelegate.swift */; };
		607FACDB1AFB9204008FA782 /* Main.storyboard in Resources */ = {isa = PBXBuildFile; fileRef = 607FACD91AFB9204008FA782 /* Main.storyboard */; };
		607FACDD1AFB9204008FA782 /* Images.xcassets in Resources */ = {isa = PBXBuildFile; fileRef = 607FACDC1AFB9204008FA782 /* Images.xcassets */; };
		607FACE01AFB9204008FA782 /* LaunchScreen.xib in Resources */ = {isa = PBXBuildFile; fileRef = 607FACDE1AFB9204008FA782 /* LaunchScreen.xib */; };
		607FACEC1AFB9204008FA782 /* Tests.swift in Sources */ = {isa = PBXBuildFile; fileRef = 607FACEB1AFB9204008FA782 /* Tests.swift */; };
		6A232A91C1006F9A4AEF4950 /* Pods_ResearchSuiteAppFramework_Example.framework in Frameworks */ = {isa = PBXBuildFile; fileRef = E7A3BBD0BB9F2E19CA46A70A /* Pods_ResearchSuiteAppFramework_Example.framework */; };
		E2231A9D1E89EA9800DBB1BA /* startSession.json in Resources */ = {isa = PBXBuildFile; fileRef = E2231A9C1E89EA9800DBB1BA /* startSession.json */; };
		E264E7E91E871A6600582958 /* OhmageCredentialsStore.swift in Sources */ = {isa = PBXBuildFile; fileRef = E264E7E81E871A6600582958 /* OhmageCredentialsStore.swift */; };
		E264E7EB1E871F3D00582958 /* OMHClient.plist in Resources */ = {isa = PBXBuildFile; fileRef = E264E7EA1E871F3D00582958 /* OMHClient.plist */; };
		E264E7F01E88C3C900582958 /* RSAFAppTaskBuilderManager.swift in Sources */ = {isa = PBXBuildFile; fileRef = E264E7EF1E88C3C900582958 /* RSAFAppTaskBuilderManager.swift */; };
		E264E7F61E88C78A00582958 /* onboardingSchedule.json in Resources */ = {isa = PBXBuildFile; fileRef = E264E7F41E88C78A00582958 /* onboardingSchedule.json */; };
		E264E7F71E88C78A00582958 /* participantSchedule.json in Resources */ = {isa = PBXBuildFile; fileRef = E264E7F51E88C78A00582958 /* participantSchedule.json */; };
		E264E7FB1E88D1A200582958 /* participantDemographics.json in Resources */ = {isa = PBXBuildFile; fileRef = E264E7F81E88D1A200582958 /* participantDemographics.json */; };
		E264E7FC1E88D1A200582958 /* researcherDemographics.json in Resources */ = {isa = PBXBuildFile; fileRef = E264E7F91E88D1A200582958 /* researcherDemographics.json */; };
		E264E7FD1E88D1A200582958 /* signIn.json in Resources */ = {isa = PBXBuildFile; fileRef = E264E7FA1E88D1A200582958 /* signIn.json */; };
		E29BF1321E82D69000157E10 /* Onboarding.storyboard in Resources */ = {isa = PBXBuildFile; fileRef = E29BF1311E82D69000157E10 /* Onboarding.storyboard */; };
		E2B942FE1E8AAA3E00566A31 /* OhmageExtensibleStateManager.swift in Sources */ = {isa = PBXBuildFile; fileRef = E2B942FD1E8AAA3E00566A31 /* OhmageExtensibleStateManager.swift */; };
		E2FB73091E8A1DD4008C9A50 /* bart_25_cents_full_task.json in Resources */ = {isa = PBXBuildFile; fileRef = E2FB72FF1E8A1DD4008C9A50 /* bart_25_cents_full_task.json */; };
		E2FB730A1E8A1DD4008C9A50 /* bart_250_dollars_full_task.json in Resources */ = {isa = PBXBuildFile; fileRef = E2FB73001E8A1DD4008C9A50 /* bart_250_dollars_full_task.json */; };
		E2FB730B1E8A1DD4008C9A50 /* dd_money_1_month_full_task.json in Resources */ = {isa = PBXBuildFile; fileRef = E2FB73011E8A1DD4008C9A50 /* dd_money_1_month_full_task.json */; };
		E2FB730C1E8A1DD4008C9A50 /* dd_money_6_month_full_task.json in Resources */ = {isa = PBXBuildFile; fileRef = E2FB73021E8A1DD4008C9A50 /* dd_money_6_month_full_task.json */; };
		E2FB730D1E8A1DD4008C9A50 /* dd_time_1_year_full_task.json in Resources */ = {isa = PBXBuildFile; fileRef = E2FB73031E8A1DD4008C9A50 /* dd_time_1_year_full_task.json */; };
		E2FB730E1E8A1DD4008C9A50 /* dd_time_6_month_full_task.json in Resources */ = {isa = PBXBuildFile; fileRef = E2FB73041E8A1DD4008C9A50 /* dd_time_6_month_full_task.json */; };
		E2FB730F1E8A1DD4008C9A50 /* endSession.json in Resources */ = {isa = PBXBuildFile; fileRef = E2FB73051E8A1DD4008C9A50 /* endSession.json */; };
		E2FB73101E8A1DD4008C9A50 /* go_no_go_stable_stimulus_full_task.json in Resources */ = {isa = PBXBuildFile; fileRef = E2FB73061E8A1DD4008C9A50 /* go_no_go_stable_stimulus_full_task.json */; };
		E2FB73111E8A1DD4008C9A50 /* go_no_go_variable_stimulus_full_task.json in Resources */ = {isa = PBXBuildFile; fileRef = E2FB73071E8A1DD4008C9A50 /* go_no_go_variable_stimulus_full_task.json */; };
		E2FB73121E8A1DD4008C9A50 /* shuffled_active_tasks.json in Resources */ = {isa = PBXBuildFile; fileRef = E2FB73081E8A1DD4008C9A50 /* shuffled_active_tasks.json */; };
/* End PBXBuildFile section */

/* Begin PBXContainerItemProxy section */
		607FACE61AFB9204008FA782 /* PBXContainerItemProxy */ = {
			isa = PBXContainerItemProxy;
			containerPortal = 607FACC81AFB9204008FA782 /* Project object */;
			proxyType = 1;
			remoteGlobalIDString = 607FACCF1AFB9204008FA782;
			remoteInfo = ResearchSuiteAppFramework;
		};
/* End PBXContainerItemProxy section */

/* Begin PBXFileReference section */
		0E8351F898F6BE108E004DE0 /* ResearchSuiteAppFramework.podspec */ = {isa = PBXFileReference; includeInIndex = 1; lastKnownFileType = text; name = ResearchSuiteAppFramework.podspec; path = ../ResearchSuiteAppFramework.podspec; sourceTree = "<group>"; };
		0EE870E23B39C357786C25EB /* Pods-ResearchSuiteAppFramework_Example.release.xcconfig */ = {isa = PBXFileReference; includeInIndex = 1; lastKnownFileType = text.xcconfig; name = "Pods-ResearchSuiteAppFramework_Example.release.xcconfig"; path = "Pods/Target Support Files/Pods-ResearchSuiteAppFramework_Example/Pods-ResearchSuiteAppFramework_Example.release.xcconfig"; sourceTree = "<group>"; };
		1681A03AF66C912AB0B870C5 /* Pods-ResearchSuiteAppFramework_Example.debug.xcconfig */ = {isa = PBXFileReference; includeInIndex = 1; lastKnownFileType = text.xcconfig; name = "Pods-ResearchSuiteAppFramework_Example.debug.xcconfig"; path = "Pods/Target Support Files/Pods-ResearchSuiteAppFramework_Example/Pods-ResearchSuiteAppFramework_Example.debug.xcconfig"; sourceTree = "<group>"; };
		4E020DCF0775160CEC491AC0 /* README.md */ = {isa = PBXFileReference; includeInIndex = 1; lastKnownFileType = net.daringfireball.markdown; name = README.md; path = ../README.md; sourceTree = "<group>"; };
		607FACD01AFB9204008FA782 /* ResearchSuiteAppFramework_Example.app */ = {isa = PBXFileReference; explicitFileType = wrapper.application; includeInIndex = 0; path = ResearchSuiteAppFramework_Example.app; sourceTree = BUILT_PRODUCTS_DIR; };
		607FACD41AFB9204008FA782 /* Info.plist */ = {isa = PBXFileReference; lastKnownFileType = text.plist.xml; path = Info.plist; sourceTree = "<group>"; };
		607FACD51AFB9204008FA782 /* AppDelegate.swift */ = {isa = PBXFileReference; lastKnownFileType = sourcecode.swift; path = AppDelegate.swift; sourceTree = "<group>"; };
		607FACDA1AFB9204008FA782 /* Base */ = {isa = PBXFileReference; lastKnownFileType = file.storyboard; name = Base; path = Base.lproj/Main.storyboard; sourceTree = "<group>"; };
		607FACDC1AFB9204008FA782 /* Images.xcassets */ = {isa = PBXFileReference; lastKnownFileType = folder.assetcatalog; path = Images.xcassets; sourceTree = "<group>"; };
		607FACDF1AFB9204008FA782 /* Base */ = {isa = PBXFileReference; lastKnownFileType = file.xib; name = Base; path = Base.lproj/LaunchScreen.xib; sourceTree = "<group>"; };
		607FACE51AFB9204008FA782 /* ResearchSuiteAppFramework_Tests.xctest */ = {isa = PBXFileReference; explicitFileType = wrapper.cfbundle; includeInIndex = 0; path = ResearchSuiteAppFramework_Tests.xctest; sourceTree = BUILT_PRODUCTS_DIR; };
		607FACEA1AFB9204008FA782 /* Info.plist */ = {isa = PBXFileReference; lastKnownFileType = text.plist.xml; path = Info.plist; sourceTree = "<group>"; };
		607FACEB1AFB9204008FA782 /* Tests.swift */ = {isa = PBXFileReference; lastKnownFileType = sourcecode.swift; path = Tests.swift; sourceTree = "<group>"; };
		B52CC9F40B5EDF56A74F60E0 /* Pods-ResearchSuiteAppFramework_Tests.debug.xcconfig */ = {isa = PBXFileReference; includeInIndex = 1; lastKnownFileType = text.xcconfig; name = "Pods-ResearchSuiteAppFramework_Tests.debug.xcconfig"; path = "Pods/Target Support Files/Pods-ResearchSuiteAppFramework_Tests/Pods-ResearchSuiteAppFramework_Tests.debug.xcconfig"; sourceTree = "<group>"; };
		D08467DA0B02A01BD74FCF14 /* Pods-ResearchSuiteAppFramework_Tests.release.xcconfig */ = {isa = PBXFileReference; includeInIndex = 1; lastKnownFileType = text.xcconfig; name = "Pods-ResearchSuiteAppFramework_Tests.release.xcconfig"; path = "Pods/Target Support Files/Pods-ResearchSuiteAppFramework_Tests/Pods-ResearchSuiteAppFramework_Tests.release.xcconfig"; sourceTree = "<group>"; };
		D2CA435EC58D3CCD2695AF31 /* LICENSE */ = {isa = PBXFileReference; includeInIndex = 1; lastKnownFileType = text; name = LICENSE; path = ../LICENSE; sourceTree = "<group>"; };
		D47ECF53BC1B394DC67B1F84 /* Pods_ResearchSuiteAppFramework_Tests.framework */ = {isa = PBXFileReference; explicitFileType = wrapper.framework; includeInIndex = 0; path = Pods_ResearchSuiteAppFramework_Tests.framework; sourceTree = BUILT_PRODUCTS_DIR; };
		E2231A9C1E89EA9800DBB1BA /* startSession.json */ = {isa = PBXFileReference; fileEncoding = 4; lastKnownFileType = text.json; path = startSession.json; sourceTree = "<group>"; };
		E264E7E81E871A6600582958 /* OhmageCredentialsStore.swift */ = {isa = PBXFileReference; fileEncoding = 4; lastKnownFileType = sourcecode.swift; path = OhmageCredentialsStore.swift; sourceTree = "<group>"; };
		E264E7EA1E871F3D00582958 /* OMHClient.plist */ = {isa = PBXFileReference; fileEncoding = 4; lastKnownFileType = text.plist.xml; path = OMHClient.plist; sourceTree = "<group>"; };
		E264E7EF1E88C3C900582958 /* RSAFAppTaskBuilderManager.swift */ = {isa = PBXFileReference; fileEncoding = 4; lastKnownFileType = sourcecode.swift; path = RSAFAppTaskBuilderManager.swift; sourceTree = "<group>"; };
		E264E7F41E88C78A00582958 /* onboardingSchedule.json */ = {isa = PBXFileReference; fileEncoding = 4; lastKnownFileType = text.json; path = onboardingSchedule.json; sourceTree = "<group>"; };
		E264E7F51E88C78A00582958 /* participantSchedule.json */ = {isa = PBXFileReference; fileEncoding = 4; lastKnownFileType = text.json; path = participantSchedule.json; sourceTree = "<group>"; };
		E264E7F81E88D1A200582958 /* participantDemographics.json */ = {isa = PBXFileReference; fileEncoding = 4; lastKnownFileType = text.json; path = participantDemographics.json; sourceTree = "<group>"; };
		E264E7F91E88D1A200582958 /* researcherDemographics.json */ = {isa = PBXFileReference; fileEncoding = 4; lastKnownFileType = text.json; path = researcherDemographics.json; sourceTree = "<group>"; };
		E264E7FA1E88D1A200582958 /* signIn.json */ = {isa = PBXFileReference; fileEncoding = 4; lastKnownFileType = text.json; path = signIn.json; sourceTree = "<group>"; };
		E29BF1311E82D69000157E10 /* Onboarding.storyboard */ = {isa = PBXFileReference; fileEncoding = 4; lastKnownFileType = file.storyboard; path = Onboarding.storyboard; sourceTree = "<group>"; };
		E2B942FD1E8AAA3E00566A31 /* OhmageExtensibleStateManager.swift */ = {isa = PBXFileReference; fileEncoding = 4; lastKnownFileType = sourcecode.swift; path = OhmageExtensibleStateManager.swift; sourceTree = "<group>"; };
		E2FB72FF1E8A1DD4008C9A50 /* bart_25_cents_full_task.json */ = {isa = PBXFileReference; fileEncoding = 4; lastKnownFileType = text.json; path = bart_25_cents_full_task.json; sourceTree = "<group>"; };
		E2FB73001E8A1DD4008C9A50 /* bart_250_dollars_full_task.json */ = {isa = PBXFileReference; fileEncoding = 4; lastKnownFileType = text.json; path = bart_250_dollars_full_task.json; sourceTree = "<group>"; };
		E2FB73011E8A1DD4008C9A50 /* dd_money_1_month_full_task.json */ = {isa = PBXFileReference; fileEncoding = 4; lastKnownFileType = text.json; path = dd_money_1_month_full_task.json; sourceTree = "<group>"; };
		E2FB73021E8A1DD4008C9A50 /* dd_money_6_month_full_task.json */ = {isa = PBXFileReference; fileEncoding = 4; lastKnownFileType = text.json; path = dd_money_6_month_full_task.json; sourceTree = "<group>"; };
		E2FB73031E8A1DD4008C9A50 /* dd_time_1_year_full_task.json */ = {isa = PBXFileReference; fileEncoding = 4; lastKnownFileType = text.json; path = dd_time_1_year_full_task.json; sourceTree = "<group>"; };
		E2FB73041E8A1DD4008C9A50 /* dd_time_6_month_full_task.json */ = {isa = PBXFileReference; fileEncoding = 4; lastKnownFileType = text.json; path = dd_time_6_month_full_task.json; sourceTree = "<group>"; };
		E2FB73051E8A1DD4008C9A50 /* endSession.json */ = {isa = PBXFileReference; fileEncoding = 4; lastKnownFileType = text.json; path = endSession.json; sourceTree = "<group>"; };
		E2FB73061E8A1DD4008C9A50 /* go_no_go_stable_stimulus_full_task.json */ = {isa = PBXFileReference; fileEncoding = 4; lastKnownFileType = text.json; path = go_no_go_stable_stimulus_full_task.json; sourceTree = "<group>"; };
		E2FB73071E8A1DD4008C9A50 /* go_no_go_variable_stimulus_full_task.json */ = {isa = PBXFileReference; fileEncoding = 4; lastKnownFileType = text.json; path = go_no_go_variable_stimulus_full_task.json; sourceTree = "<group>"; };
		E2FB73081E8A1DD4008C9A50 /* shuffled_active_tasks.json */ = {isa = PBXFileReference; fileEncoding = 4; lastKnownFileType = text.json; path = shuffled_active_tasks.json; sourceTree = "<group>"; };
		E7A3BBD0BB9F2E19CA46A70A /* Pods_ResearchSuiteAppFramework_Example.framework */ = {isa = PBXFileReference; explicitFileType = wrapper.framework; includeInIndex = 0; path = Pods_ResearchSuiteAppFramework_Example.framework; sourceTree = BUILT_PRODUCTS_DIR; };
/* End PBXFileReference section */

/* Begin PBXFrameworksBuildPhase section */
		607FACCD1AFB9204008FA782 /* Frameworks */ = {
			isa = PBXFrameworksBuildPhase;
			buildActionMask = 2147483647;
			files = (
				6A232A91C1006F9A4AEF4950 /* Pods_ResearchSuiteAppFramework_Example.framework in Frameworks */,
			);
			runOnlyForDeploymentPostprocessing = 0;
		};
		607FACE21AFB9204008FA782 /* Frameworks */ = {
			isa = PBXFrameworksBuildPhase;
			buildActionMask = 2147483647;
			files = (
				502CA6E8388B165328CEFE6E /* Pods_ResearchSuiteAppFramework_Tests.framework in Frameworks */,
			);
			runOnlyForDeploymentPostprocessing = 0;
		};
/* End PBXFrameworksBuildPhase section */

/* Begin PBXGroup section */
		075684896AC9E8885A4C3642 /* Pods */ = {
			isa = PBXGroup;
			children = (
				1681A03AF66C912AB0B870C5 /* Pods-ResearchSuiteAppFramework_Example.debug.xcconfig */,
				0EE870E23B39C357786C25EB /* Pods-ResearchSuiteAppFramework_Example.release.xcconfig */,
				B52CC9F40B5EDF56A74F60E0 /* Pods-ResearchSuiteAppFramework_Tests.debug.xcconfig */,
				D08467DA0B02A01BD74FCF14 /* Pods-ResearchSuiteAppFramework_Tests.release.xcconfig */,
			);
			name = Pods;
			sourceTree = "<group>";
		};
		56262062D4A5650E116C628F /* Frameworks */ = {
			isa = PBXGroup;
			children = (
				E7A3BBD0BB9F2E19CA46A70A /* Pods_ResearchSuiteAppFramework_Example.framework */,
				D47ECF53BC1B394DC67B1F84 /* Pods_ResearchSuiteAppFramework_Tests.framework */,
			);
			name = Frameworks;
			sourceTree = "<group>";
		};
		607FACC71AFB9204008FA782 = {
			isa = PBXGroup;
			children = (
				607FACF51AFB993E008FA782 /* Podspec Metadata */,
				607FACD21AFB9204008FA782 /* Example for ResearchSuiteAppFramework */,
				607FACE81AFB9204008FA782 /* Tests */,
				607FACD11AFB9204008FA782 /* Products */,
				075684896AC9E8885A4C3642 /* Pods */,
				56262062D4A5650E116C628F /* Frameworks */,
			);
			sourceTree = "<group>";
		};
		607FACD11AFB9204008FA782 /* Products */ = {
			isa = PBXGroup;
			children = (
				607FACD01AFB9204008FA782 /* ResearchSuiteAppFramework_Example.app */,
				607FACE51AFB9204008FA782 /* ResearchSuiteAppFramework_Tests.xctest */,
			);
			name = Products;
			sourceTree = "<group>";
		};
		607FACD21AFB9204008FA782 /* Example for ResearchSuiteAppFramework */ = {
			isa = PBXGroup;
			children = (
				607FACD51AFB9204008FA782 /* AppDelegate.swift */,
				E264E7E81E871A6600582958 /* OhmageCredentialsStore.swift */,
				E2B942FD1E8AAA3E00566A31 /* OhmageExtensibleStateManager.swift */,
				E264E7EF1E88C3C900582958 /* RSAFAppTaskBuilderManager.swift */,
				E264E7F31E88C6F500582958 /* config */,
				607FACD91AFB9204008FA782 /* Main.storyboard */,
				E29BF1311E82D69000157E10 /* Onboarding.storyboard */,
				607FACDC1AFB9204008FA782 /* Images.xcassets */,
				607FACDE1AFB9204008FA782 /* LaunchScreen.xib */,
				607FACD31AFB9204008FA782 /* Supporting Files */,
			);
			name = "Example for ResearchSuiteAppFramework";
			path = ResearchSuiteAppFramework;
			sourceTree = "<group>";
		};
		607FACD31AFB9204008FA782 /* Supporting Files */ = {
			isa = PBXGroup;
			children = (
				E264E7EA1E871F3D00582958 /* OMHClient.plist */,
				607FACD41AFB9204008FA782 /* Info.plist */,
			);
			name = "Supporting Files";
			sourceTree = "<group>";
		};
		607FACE81AFB9204008FA782 /* Tests */ = {
			isa = PBXGroup;
			children = (
				607FACEB1AFB9204008FA782 /* Tests.swift */,
				607FACE91AFB9204008FA782 /* Supporting Files */,
			);
			path = Tests;
			sourceTree = "<group>";
		};
		607FACE91AFB9204008FA782 /* Supporting Files */ = {
			isa = PBXGroup;
			children = (
				607FACEA1AFB9204008FA782 /* Info.plist */,
			);
			name = "Supporting Files";
			sourceTree = "<group>";
		};
		607FACF51AFB993E008FA782 /* Podspec Metadata */ = {
			isa = PBXGroup;
			children = (
				0E8351F898F6BE108E004DE0 /* ResearchSuiteAppFramework.podspec */,
				4E020DCF0775160CEC491AC0 /* README.md */,
				D2CA435EC58D3CCD2695AF31 /* LICENSE */,
			);
			name = "Podspec Metadata";
			sourceTree = "<group>";
		};
		E264E7F31E88C6F500582958 /* config */ = {
			isa = PBXGroup;
			children = (
				E264E7F41E88C78A00582958 /* onboardingSchedule.json */,
				E264E7F91E88D1A200582958 /* researcherDemographics.json */,
				E264E7FA1E88D1A200582958 /* signIn.json */,
				E2FB72FE1E8A1CEE008C9A50 /* participant */,
			);
			name = config;
			sourceTree = "<group>";
		};
		E2FB72FE1E8A1CEE008C9A50 /* participant */ = {
			isa = PBXGroup;
			children = (
				E2FB72FF1E8A1DD4008C9A50 /* bart_25_cents_full_task.json */,
				E2FB73001E8A1DD4008C9A50 /* bart_250_dollars_full_task.json */,
				E2231A9C1E89EA9800DBB1BA /* startSession.json */,
				E264E7F81E88D1A200582958 /* participantDemographics.json */,
				E2FB73011E8A1DD4008C9A50 /* dd_money_1_month_full_task.json */,
				E2FB73021E8A1DD4008C9A50 /* dd_money_6_month_full_task.json */,
				E2FB73031E8A1DD4008C9A50 /* dd_time_1_year_full_task.json */,
				E2FB73041E8A1DD4008C9A50 /* dd_time_6_month_full_task.json */,
				E2FB73051E8A1DD4008C9A50 /* endSession.json */,
				E2FB73061E8A1DD4008C9A50 /* go_no_go_stable_stimulus_full_task.json */,
				E2FB73071E8A1DD4008C9A50 /* go_no_go_variable_stimulus_full_task.json */,
				E2FB73081E8A1DD4008C9A50 /* shuffled_active_tasks.json */,
				E264E7F51E88C78A00582958 /* participantSchedule.json */,
			);
			name = participant;
			sourceTree = "<group>";
		};
/* End PBXGroup section */

/* Begin PBXNativeTarget section */
		607FACCF1AFB9204008FA782 /* ResearchSuiteAppFramework_Example */ = {
			isa = PBXNativeTarget;
			buildConfigurationList = 607FACEF1AFB9204008FA782 /* Build configuration list for PBXNativeTarget "ResearchSuiteAppFramework_Example" */;
			buildPhases = (
				E18AA2F74B40CE9E87C46F4D /* [CP] Check Pods Manifest.lock */,
				607FACCC1AFB9204008FA782 /* Sources */,
				607FACCD1AFB9204008FA782 /* Frameworks */,
				607FACCE1AFB9204008FA782 /* Resources */,
				9636AD9DBFE6B71102D94D43 /* [CP] Embed Pods Frameworks */,
				F8558A8279E496620F95DE47 /* [CP] Copy Pods Resources */,
			);
			buildRules = (
			);
			dependencies = (
			);
			name = ResearchSuiteAppFramework_Example;
			productName = ResearchSuiteAppFramework;
			productReference = 607FACD01AFB9204008FA782 /* ResearchSuiteAppFramework_Example.app */;
			productType = "com.apple.product-type.application";
		};
		607FACE41AFB9204008FA782 /* ResearchSuiteAppFramework_Tests */ = {
			isa = PBXNativeTarget;
			buildConfigurationList = 607FACF21AFB9204008FA782 /* Build configuration list for PBXNativeTarget "ResearchSuiteAppFramework_Tests" */;
			buildPhases = (
				3732005A6F667BD9697B6998 /* [CP] Check Pods Manifest.lock */,
				607FACE11AFB9204008FA782 /* Sources */,
				607FACE21AFB9204008FA782 /* Frameworks */,
				607FACE31AFB9204008FA782 /* Resources */,
				61E7D41F5A0E73E10639AD76 /* [CP] Embed Pods Frameworks */,
				0E8833B1BD859C1C3414D2AF /* [CP] Copy Pods Resources */,
			);
			buildRules = (
			);
			dependencies = (
				607FACE71AFB9204008FA782 /* PBXTargetDependency */,
			);
			name = ResearchSuiteAppFramework_Tests;
			productName = Tests;
			productReference = 607FACE51AFB9204008FA782 /* ResearchSuiteAppFramework_Tests.xctest */;
			productType = "com.apple.product-type.bundle.unit-test";
		};
/* End PBXNativeTarget section */

/* Begin PBXProject section */
		607FACC81AFB9204008FA782 /* Project object */ = {
			isa = PBXProject;
			attributes = {
				LastSwiftUpdateCheck = 0720;
				LastUpgradeCheck = 0820;
				ORGANIZATIONNAME = CocoaPods;
				TargetAttributes = {
					607FACCF1AFB9204008FA782 = {
						CreatedOnToolsVersion = 6.3.1;
						DevelopmentTeam = AA753846B2;
						LastSwiftMigration = 0820;
					};
					607FACE41AFB9204008FA782 = {
						CreatedOnToolsVersion = 6.3.1;
						DevelopmentTeam = AA753846B2;
						LastSwiftMigration = 0820;
						TestTargetID = 607FACCF1AFB9204008FA782;
					};
				};
			};
			buildConfigurationList = 607FACCB1AFB9204008FA782 /* Build configuration list for PBXProject "ResearchSuiteAppFramework" */;
			compatibilityVersion = "Xcode 3.2";
			developmentRegion = English;
			hasScannedForEncodings = 0;
			knownRegions = (
				en,
				Base,
			);
			mainGroup = 607FACC71AFB9204008FA782;
			productRefGroup = 607FACD11AFB9204008FA782 /* Products */;
			projectDirPath = "";
			projectRoot = "";
			targets = (
				607FACCF1AFB9204008FA782 /* ResearchSuiteAppFramework_Example */,
				607FACE41AFB9204008FA782 /* ResearchSuiteAppFramework_Tests */,
			);
		};
/* End PBXProject section */

/* Begin PBXResourcesBuildPhase section */
		607FACCE1AFB9204008FA782 /* Resources */ = {
			isa = PBXResourcesBuildPhase;
			buildActionMask = 2147483647;
			files = (
				607FACDB1AFB9204008FA782 /* Main.storyboard in Resources */,
				E2FB730B1E8A1DD4008C9A50 /* dd_money_1_month_full_task.json in Resources */,
				E2231A9D1E89EA9800DBB1BA /* startSession.json in Resources */,
				E264E7FC1E88D1A200582958 /* researcherDemographics.json in Resources */,
				E2FB730C1E8A1DD4008C9A50 /* dd_money_6_month_full_task.json in Resources */,
				E264E7FB1E88D1A200582958 /* participantDemographics.json in Resources */,
				E2FB73111E8A1DD4008C9A50 /* go_no_go_variable_stimulus_full_task.json in Resources */,
				E2FB730A1E8A1DD4008C9A50 /* bart_250_dollars_full_task.json in Resources */,
				E2FB730E1E8A1DD4008C9A50 /* dd_time_6_month_full_task.json in Resources */,
				E2FB73121E8A1DD4008C9A50 /* shuffled_active_tasks.json in Resources */,
				E264E7FD1E88D1A200582958 /* signIn.json in Resources */,
				607FACE01AFB9204008FA782 /* LaunchScreen.xib in Resources */,
				607FACDD1AFB9204008FA782 /* Images.xcassets in Resources */,
				E264E7F61E88C78A00582958 /* onboardingSchedule.json in Resources */,
				E264E7EB1E871F3D00582958 /* OMHClient.plist in Resources */,
				E29BF1321E82D69000157E10 /* Onboarding.storyboard in Resources */,
				E2FB730F1E8A1DD4008C9A50 /* endSession.json in Resources */,
				E264E7F71E88C78A00582958 /* participantSchedule.json in Resources */,
				E2FB73091E8A1DD4008C9A50 /* bart_25_cents_full_task.json in Resources */,
				E2FB73101E8A1DD4008C9A50 /* go_no_go_stable_stimulus_full_task.json in Resources */,
				E2FB730D1E8A1DD4008C9A50 /* dd_time_1_year_full_task.json in Resources */,
			);
			runOnlyForDeploymentPostprocessing = 0;
		};
		607FACE31AFB9204008FA782 /* Resources */ = {
			isa = PBXResourcesBuildPhase;
			buildActionMask = 2147483647;
			files = (
			);
			runOnlyForDeploymentPostprocessing = 0;
		};
/* End PBXResourcesBuildPhase section */

/* Begin PBXShellScriptBuildPhase section */
		0E8833B1BD859C1C3414D2AF /* [CP] Copy Pods Resources */ = {
			isa = PBXShellScriptBuildPhase;
			buildActionMask = 2147483647;
			files = (
			);
			inputPaths = (
			);
			name = "[CP] Copy Pods Resources";
			outputPaths = (
			);
			runOnlyForDeploymentPostprocessing = 0;
			shellPath = /bin/sh;
			shellScript = "\"${SRCROOT}/Pods/Target Support Files/Pods-ResearchSuiteAppFramework_Tests/Pods-ResearchSuiteAppFramework_Tests-resources.sh\"\n";
			showEnvVarsInLog = 0;
		};
		3732005A6F667BD9697B6998 /* [CP] Check Pods Manifest.lock */ = {
			isa = PBXShellScriptBuildPhase;
			buildActionMask = 2147483647;
			files = (
			);
			inputPaths = (
			);
			name = "[CP] Check Pods Manifest.lock";
			outputPaths = (
			);
			runOnlyForDeploymentPostprocessing = 0;
			shellPath = /bin/sh;
			shellScript = "diff \"${PODS_ROOT}/../Podfile.lock\" \"${PODS_ROOT}/Manifest.lock\" > /dev/null\nif [ $? != 0 ] ; then\n    # print error to STDERR\n    echo \"error: The sandbox is not in sync with the Podfile.lock. Run 'pod install' or update your CocoaPods installation.\" >&2\n    exit 1\nfi\n";
			showEnvVarsInLog = 0;
		};
		61E7D41F5A0E73E10639AD76 /* [CP] Embed Pods Frameworks */ = {
			isa = PBXShellScriptBuildPhase;
			buildActionMask = 2147483647;
			files = (
			);
			inputPaths = (
			);
			name = "[CP] Embed Pods Frameworks";
			outputPaths = (
			);
			runOnlyForDeploymentPostprocessing = 0;
			shellPath = /bin/sh;
			shellScript = "\"${SRCROOT}/Pods/Target Support Files/Pods-ResearchSuiteAppFramework_Tests/Pods-ResearchSuiteAppFramework_Tests-frameworks.sh\"\n";
			showEnvVarsInLog = 0;
		};
		9636AD9DBFE6B71102D94D43 /* [CP] Embed Pods Frameworks */ = {
			isa = PBXShellScriptBuildPhase;
			buildActionMask = 2147483647;
			files = (
			);
			inputPaths = (
			);
			name = "[CP] Embed Pods Frameworks";
			outputPaths = (
			);
			runOnlyForDeploymentPostprocessing = 0;
			shellPath = /bin/sh;
			shellScript = "\"${SRCROOT}/Pods/Target Support Files/Pods-ResearchSuiteAppFramework_Example/Pods-ResearchSuiteAppFramework_Example-frameworks.sh\"\n";
			showEnvVarsInLog = 0;
		};
		E18AA2F74B40CE9E87C46F4D /* [CP] Check Pods Manifest.lock */ = {
			isa = PBXShellScriptBuildPhase;
			buildActionMask = 2147483647;
			files = (
			);
			inputPaths = (
			);
			name = "[CP] Check Pods Manifest.lock";
			outputPaths = (
			);
			runOnlyForDeploymentPostprocessing = 0;
			shellPath = /bin/sh;
			shellScript = "diff \"${PODS_ROOT}/../Podfile.lock\" \"${PODS_ROOT}/Manifest.lock\" > /dev/null\nif [ $? != 0 ] ; then\n    # print error to STDERR\n    echo \"error: The sandbox is not in sync with the Podfile.lock. Run 'pod install' or update your CocoaPods installation.\" >&2\n    exit 1\nfi\n";
			showEnvVarsInLog = 0;
		};
		F8558A8279E496620F95DE47 /* [CP] Copy Pods Resources */ = {
			isa = PBXShellScriptBuildPhase;
			buildActionMask = 2147483647;
			files = (
			);
			inputPaths = (
			);
			name = "[CP] Copy Pods Resources";
			outputPaths = (
			);
			runOnlyForDeploymentPostprocessing = 0;
			shellPath = /bin/sh;
			shellScript = "\"${SRCROOT}/Pods/Target Support Files/Pods-ResearchSuiteAppFramework_Example/Pods-ResearchSuiteAppFramework_Example-resources.sh\"\n";
			showEnvVarsInLog = 0;
		};
/* End PBXShellScriptBuildPhase section */

/* Begin PBXSourcesBuildPhase section */
		607FACCC1AFB9204008FA782 /* Sources */ = {
			isa = PBXSourcesBuildPhase;
			buildActionMask = 2147483647;
			files = (
				E264E7E91E871A6600582958 /* OhmageCredentialsStore.swift in Sources */,
				E2B942FE1E8AAA3E00566A31 /* OhmageExtensibleStateManager.swift in Sources */,
				E264E7F01E88C3C900582958 /* RSAFAppTaskBuilderManager.swift in Sources */,
				607FACD61AFB9204008FA782 /* AppDelegate.swift in Sources */,
			);
			runOnlyForDeploymentPostprocessing = 0;
		};
		607FACE11AFB9204008FA782 /* Sources */ = {
			isa = PBXSourcesBuildPhase;
			buildActionMask = 2147483647;
			files = (
				607FACEC1AFB9204008FA782 /* Tests.swift in Sources */,
			);
			runOnlyForDeploymentPostprocessing = 0;
		};
/* End PBXSourcesBuildPhase section */

/* Begin PBXTargetDependency section */
		607FACE71AFB9204008FA782 /* PBXTargetDependency */ = {
			isa = PBXTargetDependency;
			target = 607FACCF1AFB9204008FA782 /* ResearchSuiteAppFramework_Example */;
			targetProxy = 607FACE61AFB9204008FA782 /* PBXContainerItemProxy */;
		};
/* End PBXTargetDependency section */

/* Begin PBXVariantGroup section */
		607FACD91AFB9204008FA782 /* Main.storyboard */ = {
			isa = PBXVariantGroup;
			children = (
				607FACDA1AFB9204008FA782 /* Base */,
			);
			name = Main.storyboard;
			sourceTree = "<group>";
		};
		607FACDE1AFB9204008FA782 /* LaunchScreen.xib */ = {
			isa = PBXVariantGroup;
			children = (
				607FACDF1AFB9204008FA782 /* Base */,
			);
			name = LaunchScreen.xib;
			sourceTree = "<group>";
		};
/* End PBXVariantGroup section */

/* Begin XCBuildConfiguration section */
		607FACED1AFB9204008FA782 /* Debug */ = {
			isa = XCBuildConfiguration;
			buildSettings = {
				ALWAYS_SEARCH_USER_PATHS = NO;
				CLANG_CXX_LANGUAGE_STANDARD = "gnu++0x";
				CLANG_CXX_LIBRARY = "libc++";
				CLANG_ENABLE_MODULES = YES;
				CLANG_ENABLE_OBJC_ARC = YES;
				CLANG_WARN_BOOL_CONVERSION = YES;
				CLANG_WARN_CONSTANT_CONVERSION = YES;
				CLANG_WARN_DIRECT_OBJC_ISA_USAGE = YES_ERROR;
				CLANG_WARN_EMPTY_BODY = YES;
				CLANG_WARN_ENUM_CONVERSION = YES;
				CLANG_WARN_INFINITE_RECURSION = YES;
				CLANG_WARN_INT_CONVERSION = YES;
				CLANG_WARN_OBJC_ROOT_CLASS = YES_ERROR;
				CLANG_WARN_SUSPICIOUS_MOVE = YES;
				CLANG_WARN_UNREACHABLE_CODE = YES;
				CLANG_WARN__DUPLICATE_METHOD_MATCH = YES;
				"CODE_SIGN_IDENTITY[sdk=iphoneos*]" = "iPhone Developer";
				COPY_PHASE_STRIP = NO;
				DEBUG_INFORMATION_FORMAT = "dwarf-with-dsym";
				ENABLE_STRICT_OBJC_MSGSEND = YES;
				ENABLE_TESTABILITY = YES;
				GCC_C_LANGUAGE_STANDARD = gnu99;
				GCC_DYNAMIC_NO_PIC = NO;
				GCC_NO_COMMON_BLOCKS = YES;
				GCC_OPTIMIZATION_LEVEL = 0;
				GCC_PREPROCESSOR_DEFINITIONS = (
					"DEBUG=1",
					"$(inherited)",
				);
				GCC_SYMBOLS_PRIVATE_EXTERN = NO;
				GCC_WARN_64_TO_32_BIT_CONVERSION = YES;
				GCC_WARN_ABOUT_RETURN_TYPE = YES_ERROR;
				GCC_WARN_UNDECLARED_SELECTOR = YES;
				GCC_WARN_UNINITIALIZED_AUTOS = YES_AGGRESSIVE;
				GCC_WARN_UNUSED_FUNCTION = YES;
				GCC_WARN_UNUSED_VARIABLE = YES;
				IPHONEOS_DEPLOYMENT_TARGET = 9.0;
				MTL_ENABLE_DEBUG_INFO = YES;
				ONLY_ACTIVE_ARCH = YES;
				SDKROOT = iphoneos;
				SWIFT_OPTIMIZATION_LEVEL = "-Onone";
			};
			name = Debug;
		};
		607FACEE1AFB9204008FA782 /* Release */ = {
			isa = XCBuildConfiguration;
			buildSettings = {
				ALWAYS_SEARCH_USER_PATHS = NO;
				CLANG_CXX_LANGUAGE_STANDARD = "gnu++0x";
				CLANG_CXX_LIBRARY = "libc++";
				CLANG_ENABLE_MODULES = YES;
				CLANG_ENABLE_OBJC_ARC = YES;
				CLANG_WARN_BOOL_CONVERSION = YES;
				CLANG_WARN_CONSTANT_CONVERSION = YES;
				CLANG_WARN_DIRECT_OBJC_ISA_USAGE = YES_ERROR;
				CLANG_WARN_EMPTY_BODY = YES;
				CLANG_WARN_ENUM_CONVERSION = YES;
				CLANG_WARN_INFINITE_RECURSION = YES;
				CLANG_WARN_INT_CONVERSION = YES;
				CLANG_WARN_OBJC_ROOT_CLASS = YES_ERROR;
				CLANG_WARN_SUSPICIOUS_MOVE = YES;
				CLANG_WARN_UNREACHABLE_CODE = YES;
				CLANG_WARN__DUPLICATE_METHOD_MATCH = YES;
				"CODE_SIGN_IDENTITY[sdk=iphoneos*]" = "iPhone Developer";
				COPY_PHASE_STRIP = NO;
				DEBUG_INFORMATION_FORMAT = "dwarf-with-dsym";
				ENABLE_NS_ASSERTIONS = NO;
				ENABLE_STRICT_OBJC_MSGSEND = YES;
				GCC_C_LANGUAGE_STANDARD = gnu99;
				GCC_NO_COMMON_BLOCKS = YES;
				GCC_WARN_64_TO_32_BIT_CONVERSION = YES;
				GCC_WARN_ABOUT_RETURN_TYPE = YES_ERROR;
				GCC_WARN_UNDECLARED_SELECTOR = YES;
				GCC_WARN_UNINITIALIZED_AUTOS = YES_AGGRESSIVE;
				GCC_WARN_UNUSED_FUNCTION = YES;
				GCC_WARN_UNUSED_VARIABLE = YES;
				IPHONEOS_DEPLOYMENT_TARGET = 9.0;
				MTL_ENABLE_DEBUG_INFO = NO;
				SDKROOT = iphoneos;
				SWIFT_OPTIMIZATION_LEVEL = "-Owholemodule";
				VALIDATE_PRODUCT = YES;
			};
			name = Release;
		};
		607FACF01AFB9204008FA782 /* Debug */ = {
			isa = XCBuildConfiguration;
			baseConfigurationReference = 1681A03AF66C912AB0B870C5 /* Pods-ResearchSuiteAppFramework_Example.debug.xcconfig */;
			buildSettings = {
				ASSETCATALOG_COMPILER_APPICON_NAME = AppIcon;
				DEVELOPMENT_TEAM = AA753846B2;
				INFOPLIST_FILE = ResearchSuiteAppFramework/Info.plist;
				LD_RUNPATH_SEARCH_PATHS = "$(inherited) @executable_path/Frameworks";
				MODULE_NAME = ExampleApp;
				PRODUCT_BUNDLE_IDENTIFIER = org.researchsuite.ResearchSuiteAppFrameworkExample;
				PRODUCT_NAME = "$(TARGET_NAME)";
				SWIFT_VERSION = 3.0;
			};
			name = Debug;
		};
		607FACF11AFB9204008FA782 /* Release */ = {
			isa = XCBuildConfiguration;
			baseConfigurationReference = 0EE870E23B39C357786C25EB /* Pods-ResearchSuiteAppFramework_Example.release.xcconfig */;
			buildSettings = {
				ASSETCATALOG_COMPILER_APPICON_NAME = AppIcon;
				DEVELOPMENT_TEAM = AA753846B2;
				INFOPLIST_FILE = ResearchSuiteAppFramework/Info.plist;
				LD_RUNPATH_SEARCH_PATHS = "$(inherited) @executable_path/Frameworks";
				MODULE_NAME = ExampleApp;
				PRODUCT_BUNDLE_IDENTIFIER = org.researchsuite.ResearchSuiteAppFrameworkExample;
				PRODUCT_NAME = "$(TARGET_NAME)";
				SWIFT_VERSION = 3.0;
			};
			name = Release;
		};
		607FACF31AFB9204008FA782 /* Debug */ = {
			isa = XCBuildConfiguration;
			baseConfigurationReference = B52CC9F40B5EDF56A74F60E0 /* Pods-ResearchSuiteAppFramework_Tests.debug.xcconfig */;
			buildSettings = {
				DEVELOPMENT_TEAM = AA753846B2;
				FRAMEWORK_SEARCH_PATHS = (
					"$(SDKROOT)/Developer/Library/Frameworks",
					"$(inherited)",
				);
				GCC_PREPROCESSOR_DEFINITIONS = (
					"DEBUG=1",
					"$(inherited)",
				);
				INFOPLIST_FILE = Tests/Info.plist;
				LD_RUNPATH_SEARCH_PATHS = "$(inherited) @executable_path/Frameworks @loader_path/Frameworks";
				PRODUCT_BUNDLE_IDENTIFIER = "org.cocoapods.$(PRODUCT_NAME:rfc1034identifier)";
				PRODUCT_NAME = "$(TARGET_NAME)";
				SWIFT_VERSION = 3.0;
			};
			name = Debug;
		};
		607FACF41AFB9204008FA782 /* Release */ = {
			isa = XCBuildConfiguration;
			baseConfigurationReference = D08467DA0B02A01BD74FCF14 /* Pods-ResearchSuiteAppFramework_Tests.release.xcconfig */;
			buildSettings = {
				DEVELOPMENT_TEAM = AA753846B2;
				FRAMEWORK_SEARCH_PATHS = (
					"$(SDKROOT)/Developer/Library/Frameworks",
					"$(inherited)",
				);
				INFOPLIST_FILE = Tests/Info.plist;
				LD_RUNPATH_SEARCH_PATHS = "$(inherited) @executable_path/Frameworks @loader_path/Frameworks";
				PRODUCT_BUNDLE_IDENTIFIER = "org.cocoapods.$(PRODUCT_NAME:rfc1034identifier)";
				PRODUCT_NAME = "$(TARGET_NAME)";
				SWIFT_VERSION = 3.0;
			};
			name = Release;
		};
/* End XCBuildConfiguration section */

/* Begin XCConfigurationList section */
		607FACCB1AFB9204008FA782 /* Build configuration list for PBXProject "ResearchSuiteAppFramework" */ = {
			isa = XCConfigurationList;
			buildConfigurations = (
				607FACED1AFB9204008FA782 /* Debug */,
				607FACEE1AFB9204008FA782 /* Release */,
			);
			defaultConfigurationIsVisible = 0;
			defaultConfigurationName = Release;
		};
		607FACEF1AFB9204008FA782 /* Build configuration list for PBXNativeTarget "ResearchSuiteAppFramework_Example" */ = {
			isa = XCConfigurationList;
			buildConfigurations = (
				607FACF01AFB9204008FA782 /* Debug */,
				607FACF11AFB9204008FA782 /* Release */,
			);
			defaultConfigurationIsVisible = 0;
			defaultConfigurationName = Release;
		};
		607FACF21AFB9204008FA782 /* Build configuration list for PBXNativeTarget "ResearchSuiteAppFramework_Tests" */ = {
			isa = XCConfigurationList;
			buildConfigurations = (
				607FACF31AFB9204008FA782 /* Debug */,
				607FACF41AFB9204008FA782 /* Release */,
			);
			defaultConfigurationIsVisible = 0;
			defaultConfigurationName = Release;
		};
/* End XCConfigurationList section */
	};
	rootObject = 607FACC81AFB9204008FA782 /* Project object */;
}
